// !$*UTF8*$!
{
	archiveVersion = 1;
	classes = {
	};
	objectVersion = 70;
	objects = {

/* Begin PBXBuildFile section */
		9F3A03E02C3ED8DD00FF42DB /* AppDelegate.swift in Sources */ = {isa = PBXBuildFile; fileRef = 9F3A03DF2C3ED8DD00FF42DB /* AppDelegate.swift */; };
		9F3A03E92C3ED8DD00FF42DB /* Assets.xcassets in Resources */ = {isa = PBXBuildFile; fileRef = 9F3A03E82C3ED8DD00FF42DB /* Assets.xcassets */; };
		9F3A03EC2C3ED8DD00FF42DB /* Base in Resources */ = {isa = PBXBuildFile; fileRef = 9F3A03EB2C3ED8DD00FF42DB /* Base */; };
		9F3A03FB2C3F80ED00FF42DB /* SnapKit in Frameworks */ = {isa = PBXBuildFile; productRef = 9F3A03FA2C3F80ED00FF42DB /* SnapKit */; };
		9FFF74C62CCF1EED00FD6497 /* RxBlocking in Frameworks */ = {isa = PBXBuildFile; productRef = 9FFF74C52CCF1EED00FD6497 /* RxBlocking */; };
		9FFF74C82CCF1EED00FD6497 /* RxCocoa in Frameworks */ = {isa = PBXBuildFile; productRef = 9FFF74C72CCF1EED00FD6497 /* RxCocoa */; };
		9FFF74CA2CCF1EED00FD6497 /* RxRelay in Frameworks */ = {isa = PBXBuildFile; productRef = 9FFF74C92CCF1EED00FD6497 /* RxRelay */; };
		9FFF74CC2CCF1EED00FD6497 /* RxSwift in Frameworks */ = {isa = PBXBuildFile; productRef = 9FFF74CB2CCF1EED00FD6497 /* RxSwift */; };
		9FFF755E2CDD985E00FD6497 /* Kingfisher in Frameworks */ = {isa = PBXBuildFile; productRef = 9FFF755D2CDD985E00FD6497 /* Kingfisher */; };
/* End PBXBuildFile section */

/* Begin PBXFileReference section */
		9F3A03DC2C3ED8DD00FF42DB /* CurrentWeatherResult.app */ = {isa = PBXFileReference; explicitFileType = wrapper.application; includeInIndex = 0; path = CurrentWeatherResult.app; sourceTree = BUILT_PRODUCTS_DIR; };
		9F3A03DF2C3ED8DD00FF42DB /* AppDelegate.swift */ = {isa = PBXFileReference; lastKnownFileType = sourcecode.swift; path = AppDelegate.swift; sourceTree = "<group>"; };
		9F3A03E82C3ED8DD00FF42DB /* Assets.xcassets */ = {isa = PBXFileReference; lastKnownFileType = folder.assetcatalog; path = Assets.xcassets; sourceTree = "<group>"; };
		9F3A03EB2C3ED8DD00FF42DB /* Base */ = {isa = PBXFileReference; lastKnownFileType = file.storyboard; name = Base; path = Base.lproj/LaunchScreen.storyboard; sourceTree = "<group>"; };
		9F3A03ED2C3ED8DD00FF42DB /* Info.plist */ = {isa = PBXFileReference; lastKnownFileType = text.plist.xml; path = Info.plist; sourceTree = "<group>"; };
/* End PBXFileReference section */

/* Begin PBXFileSystemSynchronizedRootGroup section */
		9FFF74B72CCE844500FD6497 /* Scene */ = {isa = PBXFileSystemSynchronizedRootGroup; explicitFileTypes = {}; explicitFolders = (); path = Scene; sourceTree = "<group>"; };
		9FFF74C12CCE855A00FD6497 /* Manager */ = {isa = PBXFileSystemSynchronizedRootGroup; explicitFileTypes = {}; explicitFolders = (); path = Manager; sourceTree = "<group>"; };
		9FFF74D62CCF433F00FD6497 /* Extension */ = {isa = PBXFileSystemSynchronizedRootGroup; explicitFileTypes = {}; explicitFolders = (); path = Extension; sourceTree = "<group>"; };
		9FFF74F62CD1E90E00FD6497 /* font */ = {isa = PBXFileSystemSynchronizedRootGroup; explicitFileTypes = {}; explicitFolders = (); path = font; sourceTree = "<group>"; };
/* End PBXFileSystemSynchronizedRootGroup section */

/* Begin PBXFrameworksBuildPhase section */
		9F3A03D92C3ED8DD00FF42DB /* Frameworks */ = {
			isa = PBXFrameworksBuildPhase;
			buildActionMask = 2147483647;
			files = (
				9FFF755E2CDD985E00FD6497 /* Kingfisher in Frameworks */,
				9FFF74C82CCF1EED00FD6497 /* RxCocoa in Frameworks */,
				9F3A03FB2C3F80ED00FF42DB /* SnapKit in Frameworks */,
				9FFF74CC2CCF1EED00FD6497 /* RxSwift in Frameworks */,
				9FFF74CA2CCF1EED00FD6497 /* RxRelay in Frameworks */,
				9FFF74C62CCF1EED00FD6497 /* RxBlocking in Frameworks */,
			);
			runOnlyForDeploymentPostprocessing = 0;
		};
/* End PBXFrameworksBuildPhase section */

/* Begin PBXGroup section */
		9F3A03D32C3ED8DD00FF42DB = {
			isa = PBXGroup;
			children = (
				9F3A03DE2C3ED8DD00FF42DB /* CurrentWeatherResult */,
				9F3A03DD2C3ED8DD00FF42DB /* Products */,
			);
			sourceTree = "<group>";
		};
		9F3A03DD2C3ED8DD00FF42DB /* Products */ = {
			isa = PBXGroup;
			children = (
				9F3A03DC2C3ED8DD00FF42DB /* CurrentWeatherResult.app */,
			);
			name = Products;
			sourceTree = "<group>";
		};
		9F3A03DE2C3ED8DD00FF42DB /* CurrentWeatherResult */ = {
			isa = PBXGroup;
			children = (
				9FFF74F62CD1E90E00FD6497 /* font */,
				9F3A03DF2C3ED8DD00FF42DB /* AppDelegate.swift */,
				9FFF74B72CCE844500FD6497 /* Scene */,
				9FFF74C12CCE855A00FD6497 /* Manager */,
				9FFF74D62CCF433F00FD6497 /* Extension */,
				9F3A03ED2C3ED8DD00FF42DB /* Info.plist */,
				9F3A03E82C3ED8DD00FF42DB /* Assets.xcassets */,
				9F3A03EA2C3ED8DD00FF42DB /* LaunchScreen.storyboard */,
			);
			path = CurrentWeatherResult;
			sourceTree = "<group>";
		};
/* End PBXGroup section */

/* Begin PBXNativeTarget section */
		9F3A03DB2C3ED8DD00FF42DB /* CurrentWeatherResult */ = {
			isa = PBXNativeTarget;
			buildConfigurationList = 9F3A03F02C3ED8DD00FF42DB /* Build configuration list for PBXNativeTarget "CurrentWeatherResult" */;
			buildPhases = (
				9F3A03D82C3ED8DD00FF42DB /* Sources */,
				9F3A03D92C3ED8DD00FF42DB /* Frameworks */,
				9F3A03DA2C3ED8DD00FF42DB /* Resources */,
			);
			buildRules = (
			);
			dependencies = (
			);
			fileSystemSynchronizedGroups = (
				9FFF74B72CCE844500FD6497 /* Scene */,
				9FFF74C12CCE855A00FD6497 /* Manager */,
				9FFF74D62CCF433F00FD6497 /* Extension */,
				9FFF74F62CD1E90E00FD6497 /* font */,
			);
			name = CurrentWeatherResult;
			packageProductDependencies = (
				9F3A03FA2C3F80ED00FF42DB /* SnapKit */,
				9FFF74C52CCF1EED00FD6497 /* RxBlocking */,
				9FFF74C72CCF1EED00FD6497 /* RxCocoa */,
				9FFF74C92CCF1EED00FD6497 /* RxRelay */,
				9FFF74CB2CCF1EED00FD6497 /* RxSwift */,
				9FFF755D2CDD985E00FD6497 /* Kingfisher */,
			);
			productName = CurrentWeatherResult;
			productReference = 9F3A03DC2C3ED8DD00FF42DB /* CurrentWeatherResult.app */;
			productType = "com.apple.product-type.application";
		};
/* End PBXNativeTarget section */

/* Begin PBXProject section */
		9F3A03D42C3ED8DD00FF42DB /* Project object */ = {
			isa = PBXProject;
			attributes = {
				BuildIndependentTargetsInParallel = 1;
				LastSwiftUpdateCheck = 1540;
				LastUpgradeCheck = 1540;
				TargetAttributes = {
					9F3A03DB2C3ED8DD00FF42DB = {
						CreatedOnToolsVersion = 15.4;
					};
				};
			};
			buildConfigurationList = 9F3A03D72C3ED8DD00FF42DB /* Build configuration list for PBXProject "CurrentWeatherResult" */;
			compatibilityVersion = "Xcode 14.0";
			developmentRegion = en;
			hasScannedForEncodings = 0;
			knownRegions = (
				en,
				Base,
			);
			mainGroup = 9F3A03D32C3ED8DD00FF42DB;
			packageReferences = (
				9F3A03F92C3F80ED00FF42DB /* XCRemoteSwiftPackageReference "SnapKit" */,
				9FFF74C42CCF1EED00FD6497 /* XCRemoteSwiftPackageReference "RxSwift" */,
				9FFF755C2CDD985E00FD6497 /* XCRemoteSwiftPackageReference "Kingfisher" */,
			);
			productRefGroup = 9F3A03DD2C3ED8DD00FF42DB /* Products */;
			projectDirPath = "";
			projectRoot = "";
			targets = (
				9F3A03DB2C3ED8DD00FF42DB /* CurrentWeatherResult */,
			);
		};
/* End PBXProject section */

/* Begin PBXResourcesBuildPhase section */
		9F3A03DA2C3ED8DD00FF42DB /* Resources */ = {
			isa = PBXResourcesBuildPhase;
			buildActionMask = 2147483647;
			files = (
				9F3A03E92C3ED8DD00FF42DB /* Assets.xcassets in Resources */,
				9F3A03EC2C3ED8DD00FF42DB /* Base in Resources */,
			);
			runOnlyForDeploymentPostprocessing = 0;
		};
/* End PBXResourcesBuildPhase section */

/* Begin PBXSourcesBuildPhase section */
		9F3A03D82C3ED8DD00FF42DB /* Sources */ = {
			isa = PBXSourcesBuildPhase;
			buildActionMask = 2147483647;
			files = (
				9F3A03E02C3ED8DD00FF42DB /* AppDelegate.swift in Sources */,
			);
			runOnlyForDeploymentPostprocessing = 0;
		};
/* End PBXSourcesBuildPhase section */

/* Begin PBXVariantGroup section */
		9F3A03EA2C3ED8DD00FF42DB /* LaunchScreen.storyboard */ = {
			isa = PBXVariantGroup;
			children = (
				9F3A03EB2C3ED8DD00FF42DB /* Base */,
			);
			name = LaunchScreen.storyboard;
			sourceTree = "<group>";
		};
/* End PBXVariantGroup section */

/* Begin XCBuildConfiguration section */
		9F3A03EE2C3ED8DD00FF42DB /* Debug */ = {
			isa = XCBuildConfiguration;
			buildSettings = {
				ALWAYS_SEARCH_USER_PATHS = NO;
				ASSETCATALOG_COMPILER_GENERATE_SWIFT_ASSET_SYMBOL_EXTENSIONS = YES;
				CLANG_ANALYZER_NONNULL = YES;
				CLANG_ANALYZER_NUMBER_OBJECT_CONVERSION = YES_AGGRESSIVE;
				CLANG_CXX_LANGUAGE_STANDARD = "gnu++20";
				CLANG_ENABLE_MODULES = YES;
				CLANG_ENABLE_OBJC_ARC = YES;
				CLANG_ENABLE_OBJC_WEAK = YES;
				CLANG_WARN_BLOCK_CAPTURE_AUTORELEASING = YES;
				CLANG_WARN_BOOL_CONVERSION = YES;
				CLANG_WARN_COMMA = YES;
				CLANG_WARN_CONSTANT_CONVERSION = YES;
				CLANG_WARN_DEPRECATED_OBJC_IMPLEMENTATIONS = YES;
				CLANG_WARN_DIRECT_OBJC_ISA_USAGE = YES_ERROR;
				CLANG_WARN_DOCUMENTATION_COMMENTS = YES;
				CLANG_WARN_EMPTY_BODY = YES;
				CLANG_WARN_ENUM_CONVERSION = YES;
				CLANG_WARN_INFINITE_RECURSION = YES;
				CLANG_WARN_INT_CONVERSION = YES;
				CLANG_WARN_NON_LITERAL_NULL_CONVERSION = YES;
				CLANG_WARN_OBJC_IMPLICIT_RETAIN_SELF = YES;
				CLANG_WARN_OBJC_LITERAL_CONVERSION = YES;
				CLANG_WARN_OBJC_ROOT_CLASS = YES_ERROR;
				CLANG_WARN_QUOTED_INCLUDE_IN_FRAMEWORK_HEADER = YES;
				CLANG_WARN_RANGE_LOOP_ANALYSIS = YES;
				CLANG_WARN_STRICT_PROTOTYPES = YES;
				CLANG_WARN_SUSPICIOUS_MOVE = YES;
				CLANG_WARN_UNGUARDED_AVAILABILITY = YES_AGGRESSIVE;
				CLANG_WARN_UNREACHABLE_CODE = YES;
				CLANG_WARN__DUPLICATE_METHOD_MATCH = YES;
				COPY_PHASE_STRIP = NO;
				DEBUG_INFORMATION_FORMAT = dwarf;
				ENABLE_STRICT_OBJC_MSGSEND = YES;
				ENABLE_TESTABILITY = YES;
				ENABLE_USER_SCRIPT_SANDBOXING = YES;
				GCC_C_LANGUAGE_STANDARD = gnu17;
				GCC_DYNAMIC_NO_PIC = NO;
				GCC_NO_COMMON_BLOCKS = YES;
				GCC_OPTIMIZATION_LEVEL = 0;
				GCC_PREPROCESSOR_DEFINITIONS = (
					"DEBUG=1",
					"$(inherited)",
				);
				GCC_WARN_64_TO_32_BIT_CONVERSION = YES;
				GCC_WARN_ABOUT_RETURN_TYPE = YES_ERROR;
				GCC_WARN_UNDECLARED_SELECTOR = YES;
				GCC_WARN_UNINITIALIZED_AUTOS = YES_AGGRESSIVE;
				GCC_WARN_UNUSED_FUNCTION = YES;
				GCC_WARN_UNUSED_VARIABLE = YES;
				IPHONEOS_DEPLOYMENT_TARGET = 17.5;
				LOCALIZATION_PREFERS_STRING_CATALOGS = YES;
				MTL_ENABLE_DEBUG_INFO = INCLUDE_SOURCE;
				MTL_FAST_MATH = YES;
				ONLY_ACTIVE_ARCH = YES;
				SDKROOT = iphoneos;
				SWIFT_ACTIVE_COMPILATION_CONDITIONS = "DEBUG $(inherited)";
				SWIFT_OPTIMIZATION_LEVEL = "-Onone";
			};
			name = Debug;
		};
		9F3A03EF2C3ED8DD00FF42DB /* Release */ = {
			isa = XCBuildConfiguration;
			buildSettings = {
				ALWAYS_SEARCH_USER_PATHS = NO;
				ASSETCATALOG_COMPILER_GENERATE_SWIFT_ASSET_SYMBOL_EXTENSIONS = YES;
				CLANG_ANALYZER_NONNULL = YES;
				CLANG_ANALYZER_NUMBER_OBJECT_CONVERSION = YES_AGGRESSIVE;
				CLANG_CXX_LANGUAGE_STANDARD = "gnu++20";
				CLANG_ENABLE_MODULES = YES;
				CLANG_ENABLE_OBJC_ARC = YES;
				CLANG_ENABLE_OBJC_WEAK = YES;
				CLANG_WARN_BLOCK_CAPTURE_AUTORELEASING = YES;
				CLANG_WARN_BOOL_CONVERSION = YES;
				CLANG_WARN_COMMA = YES;
				CLANG_WARN_CONSTANT_CONVERSION = YES;
				CLANG_WARN_DEPRECATED_OBJC_IMPLEMENTATIONS = YES;
				CLANG_WARN_DIRECT_OBJC_ISA_USAGE = YES_ERROR;
				CLANG_WARN_DOCUMENTATION_COMMENTS = YES;
				CLANG_WARN_EMPTY_BODY = YES;
				CLANG_WARN_ENUM_CONVERSION = YES;
				CLANG_WARN_INFINITE_RECURSION = YES;
				CLANG_WARN_INT_CONVERSION = YES;
				CLANG_WARN_NON_LITERAL_NULL_CONVERSION = YES;
				CLANG_WARN_OBJC_IMPLICIT_RETAIN_SELF = YES;
				CLANG_WARN_OBJC_LITERAL_CONVERSION = YES;
				CLANG_WARN_OBJC_ROOT_CLASS = YES_ERROR;
				CLANG_WARN_QUOTED_INCLUDE_IN_FRAMEWORK_HEADER = YES;
				CLANG_WARN_RANGE_LOOP_ANALYSIS = YES;
				CLANG_WARN_STRICT_PROTOTYPES = YES;
				CLANG_WARN_SUSPICIOUS_MOVE = YES;
				CLANG_WARN_UNGUARDED_AVAILABILITY = YES_AGGRESSIVE;
				CLANG_WARN_UNREACHABLE_CODE = YES;
				CLANG_WARN__DUPLICATE_METHOD_MATCH = YES;
				COPY_PHASE_STRIP = NO;
				DEBUG_INFORMATION_FORMAT = "dwarf-with-dsym";
				ENABLE_NS_ASSERTIONS = NO;
				ENABLE_STRICT_OBJC_MSGSEND = YES;
				ENABLE_USER_SCRIPT_SANDBOXING = YES;
				GCC_C_LANGUAGE_STANDARD = gnu17;
				GCC_NO_COMMON_BLOCKS = YES;
				GCC_WARN_64_TO_32_BIT_CONVERSION = YES;
				GCC_WARN_ABOUT_RETURN_TYPE = YES_ERROR;
				GCC_WARN_UNDECLARED_SELECTOR = YES;
				GCC_WARN_UNINITIALIZED_AUTOS = YES_AGGRESSIVE;
				GCC_WARN_UNUSED_FUNCTION = YES;
				GCC_WARN_UNUSED_VARIABLE = YES;
				IPHONEOS_DEPLOYMENT_TARGET = 17.5;
				LOCALIZATION_PREFERS_STRING_CATALOGS = YES;
				MTL_ENABLE_DEBUG_INFO = NO;
				MTL_FAST_MATH = YES;
				SDKROOT = iphoneos;
				SWIFT_COMPILATION_MODE = wholemodule;
				VALIDATE_PRODUCT = YES;
			};
			name = Release;
		};
		9F3A03F12C3ED8DD00FF42DB /* Debug */ = {
			isa = XCBuildConfiguration;
			buildSettings = {
				ASSETCATALOG_COMPILER_APPICON_NAME = AppIcon;
				ASSETCATALOG_COMPILER_GLOBAL_ACCENT_COLOR_NAME = AccentColor;
				CODE_SIGN_STYLE = Automatic;
				CURRENT_PROJECT_VERSION = 1;
				DEVELOPMENT_TEAM = P2R8FU9V62;
				GENERATE_INFOPLIST_FILE = YES;
				INFOPLIST_FILE = CurrentWeatherResult/Info.plist;
				INFOPLIST_KEY_UIApplicationSupportsIndirectInputEvents = YES;
				INFOPLIST_KEY_UILaunchStoryboardName = LaunchScreen;
				INFOPLIST_KEY_UISupportedInterfaceOrientations_iPad = "UIInterfaceOrientationPortrait UIInterfaceOrientationPortraitUpsideDown UIInterfaceOrientationLandscapeLeft UIInterfaceOrientationLandscapeRight";
				INFOPLIST_KEY_UISupportedInterfaceOrientations_iPhone = "UIInterfaceOrientationPortrait UIInterfaceOrientationLandscapeLeft UIInterfaceOrientationLandscapeRight";
				IPHONEOS_DEPLOYMENT_TARGET = 16.6;
				LD_RUNPATH_SEARCH_PATHS = (
					"$(inherited)",
					"@executable_path/Frameworks",
				);
				MARKETING_VERSION = 1.0;
				PRODUCT_BUNDLE_IDENTIFIER = sds.com.CurrentWeatherResult;
				PRODUCT_NAME = "$(TARGET_NAME)";
				SUPPORTED_PLATFORMS = "iphoneos iphonesimulator";
				SUPPORTS_MACCATALYST = NO;
				SUPPORTS_MAC_DESIGNED_FOR_IPHONE_IPAD = NO;
				SUPPORTS_XR_DESIGNED_FOR_IPHONE_IPAD = NO;
				SWIFT_EMIT_LOC_STRINGS = YES;
				SWIFT_VERSION = 5.0;
				TARGETED_DEVICE_FAMILY = 1;
			};
			name = Debug;
		};
		9F3A03F22C3ED8DD00FF42DB /* Release */ = {
			isa = XCBuildConfiguration;
			buildSettings = {
				ASSETCATALOG_COMPILER_APPICON_NAME = AppIcon;
				ASSETCATALOG_COMPILER_GLOBAL_ACCENT_COLOR_NAME = AccentColor;
				CODE_SIGN_STYLE = Automatic;
				CURRENT_PROJECT_VERSION = 1;
				DEVELOPMENT_TEAM = P2R8FU9V62;
				GENERATE_INFOPLIST_FILE = YES;
				INFOPLIST_FILE = CurrentWeatherResult/Info.plist;
				INFOPLIST_KEY_UIApplicationSupportsIndirectInputEvents = YES;
				INFOPLIST_KEY_UILaunchStoryboardName = LaunchScreen;
				INFOPLIST_KEY_UISupportedInterfaceOrientations_iPad = "UIInterfaceOrientationPortrait UIInterfaceOrientationPortraitUpsideDown UIInterfaceOrientationLandscapeLeft UIInterfaceOrientationLandscapeRight";
				INFOPLIST_KEY_UISupportedInterfaceOrientations_iPhone = "UIInterfaceOrientationPortrait UIInterfaceOrientationLandscapeLeft UIInterfaceOrientationLandscapeRight";
				IPHONEOS_DEPLOYMENT_TARGET = 16.6;
				LD_RUNPATH_SEARCH_PATHS = (
					"$(inherited)",
					"@executable_path/Frameworks",
				);
				MARKETING_VERSION = 1.0;
				PRODUCT_BUNDLE_IDENTIFIER = sds.com.CurrentWeatherResult;
				PRODUCT_NAME = "$(TARGET_NAME)";
				SUPPORTED_PLATFORMS = "iphoneos iphonesimulator";
				SUPPORTS_MACCATALYST = NO;
				SUPPORTS_MAC_DESIGNED_FOR_IPHONE_IPAD = NO;
				SUPPORTS_XR_DESIGNED_FOR_IPHONE_IPAD = NO;
				SWIFT_EMIT_LOC_STRINGS = YES;
				SWIFT_VERSION = 5.0;
				TARGETED_DEVICE_FAMILY = 1;
			};
			name = Release;
		};
/* End XCBuildConfiguration section */

/* Begin XCConfigurationList section */
		9F3A03D72C3ED8DD00FF42DB /* Build configuration list for PBXProject "CurrentWeatherResult" */ = {
			isa = XCConfigurationList;
			buildConfigurations = (
				9F3A03EE2C3ED8DD00FF42DB /* Debug */,
				9F3A03EF2C3ED8DD00FF42DB /* Release */,
			);
			defaultConfigurationIsVisible = 0;
			defaultConfigurationName = Release;
		};
		9F3A03F02C3ED8DD00FF42DB /* Build configuration list for PBXNativeTarget "CurrentWeatherResult" */ = {
			isa = XCConfigurationList;
			buildConfigurations = (
				9F3A03F12C3ED8DD00FF42DB /* Debug */,
				9F3A03F22C3ED8DD00FF42DB /* Release */,
			);
			defaultConfigurationIsVisible = 0;
			defaultConfigurationName = Release;
		};
/* End XCConfigurationList section */

/* Begin XCRemoteSwiftPackageReference section */
		9F3A03F92C3F80ED00FF42DB /* XCRemoteSwiftPackageReference "SnapKit" */ = {
			isa = XCRemoteSwiftPackageReference;
			repositoryURL = "https://github.com/SnapKit/SnapKit.git";
			requirement = {
				kind = upToNextMajorVersion;
				minimumVersion = 5.7.1;
			};
		};
		9FFF74C42CCF1EED00FD6497 /* XCRemoteSwiftPackageReference "RxSwift" */ = {
			isa = XCRemoteSwiftPackageReference;
			repositoryURL = "https://github.com/ReactiveX/RxSwift.git";
			requirement = {
				kind = upToNextMajorVersion;
				minimumVersion = 6.8.0;
			};
		};
		9FFF755C2CDD985E00FD6497 /* XCRemoteSwiftPackageReference "Kingfisher" */ = {
			isa = XCRemoteSwiftPackageReference;
			repositoryURL = "https://github.com/onevcat/Kingfisher.git";
			requirement = {
				kind = upToNextMajorVersion;
				minimumVersion = 8.1.0;
			};
		};
/* End XCRemoteSwiftPackageReference section */

/* Begin XCSwiftPackageProductDependency section */
		9F3A03FA2C3F80ED00FF42DB /* SnapKit */ = {
			isa = XCSwiftPackageProductDependency;
			package = 9F3A03F92C3F80ED00FF42DB /* XCRemoteSwiftPackageReference "SnapKit" */;
			productName = SnapKit;
		};
		9FFF74C52CCF1EED00FD6497 /* RxBlocking */ = {
			isa = XCSwiftPackageProductDependency;
			package = 9FFF74C42CCF1EED00FD6497 /* XCRemoteSwiftPackageReference "RxSwift" */;
			productName = RxBlocking;
		};
		9FFF74C72CCF1EED00FD6497 /* RxCocoa */ = {
			isa = XCSwiftPackageProductDependency;
			package = 9FFF74C42CCF1EED00FD6497 /* XCRemoteSwiftPackageReference "RxSwift" */;
			productName = RxCocoa;
		};
		9FFF74C92CCF1EED00FD6497 /* RxRelay */ = {
			isa = XCSwiftPackageProductDependency;
			package = 9FFF74C42CCF1EED00FD6497 /* XCRemoteSwiftPackageReference "RxSwift" */;
			productName = RxRelay;
		};
		9FFF74CB2CCF1EED00FD6497 /* RxSwift */ = {
			isa = XCSwiftPackageProductDependency;
			package = 9FFF74C42CCF1EED00FD6497 /* XCRemoteSwiftPackageReference "RxSwift" */;
			productName = RxSwift;
		};
		9FFF755D2CDD985E00FD6497 /* Kingfisher */ = {
			isa = XCSwiftPackageProductDependency;
			package = 9FFF755C2CDD985E00FD6497 /* XCRemoteSwiftPackageReference "Kingfisher" */;
			productName = Kingfisher;
		};
/* End XCSwiftPackageProductDependency section */
	};
	rootObject = 9F3A03D42C3ED8DD00FF42DB /* Project object */;
}
